
Microsoft Visual Studio Solution File, Format Version 12.00
# Visual Studio Version 17
VisualStudioVersion = 17.8.34525.116
MinimumVisualStudioVersion = 10.0.40219.1
Project("{FAE04EC0-301F-11D3-BF4B-00C04F79EFBC}") = "UniversityAdmissionStandards", "UniversityAdmissionStandards.csproj", "{BE786100-07D3-4022-B90A-C23CCFF3CFA3}"
EndProject
Project("{FAE04EC0-301F-11D3-BF4B-00C04F79EFBC}") = "UniversityAdmissionStandards_DataAccess", "..\UniversityAdmissionStandards_DataAccess\UniversityAdmissionStandards_DataAccess.csproj", "{9FEC98A9-9E0B-4DE7-BA6F-C2BB4BE8EC06}"
EndProject
Project("{FAE04EC0-301F-11D3-BF4B-00C04F79EFBC}") = "UniversityAdmissionStandards_Business", "..\UniversityAdmissionStandards_Business\UniversityAdmissionStandards_Business.csproj", "{522B8EDD-6EE2-4F53-8384-73F7A0E0F36B}"
EndProject
Global
	GlobalSection(SolutionConfigurationPlatforms) = preSolution
		Debug|Any CPU = Debug|Any CPU
		Release|Any CPU = Release|Any CPU
	EndGlobalSection
	GlobalSection(ProjectConfigurationPlatforms) = postSolution
		{BE786100-07D3-4022-B90A-C23CCFF3CFA3}.Debug|Any CPU.ActiveCfg = Debug|Any CPU
		{BE786100-07D3-4022-B90A-C23CCFF3CFA3}.Debug|Any CPU.Build.0 = Debug|Any CPU
		{BE786100-07D3-4022-B90A-C23CCFF3CFA3}.Release|Any CPU.ActiveCfg = Release|Any CPU
		{BE786100-07D3-4022-B90A-C23CCFF3CFA3}.Release|Any CPU.Build.0 = Release|Any CPU
		{9FEC98A9-9E0B-4DE7-BA6F-C2BB4BE8EC06}.Debug|Any CPU.ActiveCfg = Debug|Any CPU
		{9FEC98A9-9E0B-4DE7-BA6F-C2BB4BE8EC06}.Debug|Any CPU.Build.0 = Debug|Any CPU
		{9FEC98A9-9E0B-4DE7-BA6F-C2BB4BE8EC06}.Release|Any CPU.ActiveCfg = Release|Any CPU
		{9FEC98A9-9E0B-4DE7-BA6F-C2BB4BE8EC06}.Release|Any CPU.Build.0 = Release|Any CPU
		{522B8EDD-6EE2-4F53-8384-73F7A0E0F36B}.Debug|Any CPU.ActiveCfg = Debug|Any CPU
		{522B8EDD-6EE2-4F53-8384-73F7A0E0F36B}.Debug|Any CPU.Build.0 = Debug|Any CPU
		{522B8EDD-6EE2-4F53-8384-73F7A0E0F36B}.Release|Any CPU.ActiveCfg = Release|Any CPU
		{522B8EDD-6EE2-4F53-8384-73F7A0E0F36B}.Release|Any CPU.Build.0 = Release|Any CPU
	EndGlobalSection
	GlobalSection(SolutionProperties) = preSolution
		HideSolutionNode = FALSE
	EndGlobalSection
	GlobalSection(ExtensibilityGlobals) = postSolution
		SolutionGuid = {5B21D103-7018-4500-AC40-BA05E4DC2B17}
	EndGlobalSection
EndGlobal
